
Microsoft Visual Studio Solution File, Format Version 12.00
# Visual Studio Version 17
VisualStudioVersion = 17.4.33403.182
MinimumVisualStudioVersion = 10.0.40219.1
Project("{9A19103F-16F7-4668-BE54-9A1E7A4F7556}") = "Udemy.BankApp.Web", "Udemy.BankApp.Web\Udemy.BankApp.Web.csproj", "{FCD01B68-0BC0-418B-8A23-50F75A88FE8B}"
EndProject
Global
	GlobalSection(SolutionConfigurationPlatforms) = preSolution
		Debug|Any CPU = Debug|Any CPU
		Release|Any CPU = Release|Any CPU
	EndGlobalSection
	GlobalSection(ProjectConfigurationPlatforms) = postSolution
		{FCD01B68-0BC0-418B-8A23-50F75A88FE8B}.Debug|Any CPU.ActiveCfg = Debug|Any CPU
		{FCD01B68-0BC0-418B-8A23-50F75A88FE8B}.Debug|Any CPU.Build.0 = Debug|Any CPU
		{FCD01B68-0BC0-418B-8A23-50F75A88FE8B}.Release|Any CPU.ActiveCfg = Release|Any CPU
		{FCD01B68-0BC0-418B-8A23-50F75A88FE8B}.Release|Any CPU.Build.0 = Release|Any CPU
	EndGlobalSection
	GlobalSection(SolutionProperties) = preSolution
		HideSolutionNode = FALSE
	EndGlobalSection
	GlobalSection(ExtensibilityGlobals) = postSolution
		SolutionGuid = {14758668-EFA1-4EBD-94AF-9FA2064AAE81}
	EndGlobalSection
EndGlobal
